
Microsoft Visual Studio Solution File, Format Version 12.00
# Visual Studio Version 17
VisualStudioVersion = 17.9.34728.123
MinimumVisualStudioVersion = 10.0.40219.1
Project("{FAE04EC0-301F-11D3-BF4B-00C04F79EFBC}") = "Guia6", "Guia6\Guia6.csproj", "{E516AA40-97A0-4B3F-9CB2-A889B2829530}"
EndProject
Global
	GlobalSection(SolutionConfigurationPlatforms) = preSolution
		Debug|Any CPU = Debug|Any CPU
		Release|Any CPU = Release|Any CPU
	EndGlobalSection
	GlobalSection(ProjectConfigurationPlatforms) = postSolution
		{E516AA40-97A0-4B3F-9CB2-A889B2829530}.Debug|Any CPU.ActiveCfg = Debug|Any CPU
		{E516AA40-97A0-4B3F-9CB2-A889B2829530}.Debug|Any CPU.Build.0 = Debug|Any CPU
		{E516AA40-97A0-4B3F-9CB2-A889B2829530}.Release|Any CPU.ActiveCfg = Release|Any CPU
		{E516AA40-97A0-4B3F-9CB2-A889B2829530}.Release|Any CPU.Build.0 = Release|Any CPU
	EndGlobalSection
	GlobalSection(SolutionProperties) = preSolution
		HideSolutionNode = FALSE
	EndGlobalSection
	GlobalSection(ExtensibilityGlobals) = postSolution
		SolutionGuid = {DFE80019-5DEB-4425-B4B1-B034901E29EC}
	EndGlobalSection
EndGlobal
