
Microsoft Visual Studio Solution File, Format Version 12.00
# Visual Studio Version 17
VisualStudioVersion = 17.9.34728.123
MinimumVisualStudioVersion = 10.0.40219.1
Project("{FAE04EC0-301F-11D3-BF4B-00C04F79EFBC}") = "Guia_6", "Guia_6\Guia_6.csproj", "{ACBAFBA3-BD8D-417C-9461-ADCDB42A520B}"
EndProject
Global
	GlobalSection(SolutionConfigurationPlatforms) = preSolution
		Debug|Any CPU = Debug|Any CPU
		Release|Any CPU = Release|Any CPU
	EndGlobalSection
	GlobalSection(ProjectConfigurationPlatforms) = postSolution
		{ACBAFBA3-BD8D-417C-9461-ADCDB42A520B}.Debug|Any CPU.ActiveCfg = Debug|Any CPU
		{ACBAFBA3-BD8D-417C-9461-ADCDB42A520B}.Debug|Any CPU.Build.0 = Debug|Any CPU
		{ACBAFBA3-BD8D-417C-9461-ADCDB42A520B}.Release|Any CPU.ActiveCfg = Release|Any CPU
		{ACBAFBA3-BD8D-417C-9461-ADCDB42A520B}.Release|Any CPU.Build.0 = Release|Any CPU
	EndGlobalSection
	GlobalSection(SolutionProperties) = preSolution
		HideSolutionNode = FALSE
	EndGlobalSection
	GlobalSection(ExtensibilityGlobals) = postSolution
		SolutionGuid = {5BB471C1-5BB9-4E0F-85BE-90E1D5C2EC87}
	EndGlobalSection
EndGlobal
